
Microsoft Visual Studio Solution File, Format Version 12.00
# Visual Studio Version 17
VisualStudioVersion = 17.14.35821.62
MinimumVisualStudioVersion = 10.0.40219.1
Project("{FAE04EC0-301F-11D3-BF4B-00C04F79EFBC}") = "AddressBook", "AddressBook.csproj", "{A41D4F15-A58D-4AB5-9683-AD62E1E3E983}"
EndProject
Project("{FAE04EC0-301F-11D3-BF4B-00C04F79EFBC}") = "BusinessLayer", "..\BusinessLayer\BusinessLayer.csproj", "{0CB754F2-2C2C-44A2-89E4-F161DF021715}"
EndProject
Project("{FAE04EC0-301F-11D3-BF4B-00C04F79EFBC}") = "RepositoryLayer", "..\RepositoryLayer\RepositoryLayer.csproj", "{F857E158-2FD3-454C-B4AE-0EBAD4CA480B}"
EndProject
Project("{FAE04EC0-301F-11D3-BF4B-00C04F79EFBC}") = "ModelLayer", "..\ModelLayer\ModelLayer.csproj", "{71F3DE81-525C-4EE4-B7EB-48BCF3E9C4AD}"
EndProject
Project("{FAE04EC0-301F-11D3-BF4B-00C04F79EFBC}") = "NUnitTesting", "..\NUnitTesting\NUnitTesting.csproj", "{9A599D31-D123-4996-8B70-7FA14F43EBDB}"
EndProject
Global
	GlobalSection(SolutionConfigurationPlatforms) = preSolution
		Debug|Any CPU = Debug|Any CPU
		Release|Any CPU = Release|Any CPU
	EndGlobalSection
	GlobalSection(ProjectConfigurationPlatforms) = postSolution
		{A41D4F15-A58D-4AB5-9683-AD62E1E3E983}.Debug|Any CPU.ActiveCfg = Debug|Any CPU
		{A41D4F15-A58D-4AB5-9683-AD62E1E3E983}.Debug|Any CPU.Build.0 = Debug|Any CPU
		{A41D4F15-A58D-4AB5-9683-AD62E1E3E983}.Release|Any CPU.ActiveCfg = Release|Any CPU
		{A41D4F15-A58D-4AB5-9683-AD62E1E3E983}.Release|Any CPU.Build.0 = Release|Any CPU
		{0CB754F2-2C2C-44A2-89E4-F161DF021715}.Debug|Any CPU.ActiveCfg = Debug|Any CPU
		{0CB754F2-2C2C-44A2-89E4-F161DF021715}.Debug|Any CPU.Build.0 = Debug|Any CPU
		{0CB754F2-2C2C-44A2-89E4-F161DF021715}.Release|Any CPU.ActiveCfg = Release|Any CPU
		{0CB754F2-2C2C-44A2-89E4-F161DF021715}.Release|Any CPU.Build.0 = Release|Any CPU
		{F857E158-2FD3-454C-B4AE-0EBAD4CA480B}.Debug|Any CPU.ActiveCfg = Debug|Any CPU
		{F857E158-2FD3-454C-B4AE-0EBAD4CA480B}.Debug|Any CPU.Build.0 = Debug|Any CPU
		{F857E158-2FD3-454C-B4AE-0EBAD4CA480B}.Release|Any CPU.ActiveCfg = Release|Any CPU
		{F857E158-2FD3-454C-B4AE-0EBAD4CA480B}.Release|Any CPU.Build.0 = Release|Any CPU
		{71F3DE81-525C-4EE4-B7EB-48BCF3E9C4AD}.Debug|Any CPU.ActiveCfg = Debug|Any CPU
		{71F3DE81-525C-4EE4-B7EB-48BCF3E9C4AD}.Debug|Any CPU.Build.0 = Debug|Any CPU
		{71F3DE81-525C-4EE4-B7EB-48BCF3E9C4AD}.Release|Any CPU.ActiveCfg = Release|Any CPU
		{71F3DE81-525C-4EE4-B7EB-48BCF3E9C4AD}.Release|Any CPU.Build.0 = Release|Any CPU
		{9A599D31-D123-4996-8B70-7FA14F43EBDB}.Debug|Any CPU.ActiveCfg = Debug|Any CPU
		{9A599D31-D123-4996-8B70-7FA14F43EBDB}.Debug|Any CPU.Build.0 = Debug|Any CPU
		{9A599D31-D123-4996-8B70-7FA14F43EBDB}.Release|Any CPU.ActiveCfg = Release|Any CPU
		{9A599D31-D123-4996-8B70-7FA14F43EBDB}.Release|Any CPU.Build.0 = Release|Any CPU
	EndGlobalSection
	GlobalSection(SolutionProperties) = preSolution
		HideSolutionNode = FALSE
	EndGlobalSection
	GlobalSection(ExtensibilityGlobals) = postSolution
		SolutionGuid = {61B96666-CBD6-4035-8673-605B1F51971F}
	EndGlobalSection
EndGlobal
